{
  "version": 4,
  "terraform_version": "1.10.3",
  "serial": 63,
  "lineage": "52c9282f-619e-2dd8-6c0c-d5c7d7247c89",
  "outputs": {},
  "resources": [
    {
      "mode": "managed",
      "type": "github_repository",
      "name": "github",
      "provider": "provider[\"registry.terraform.io/integrations/github\"]",
      "instances": [
        {
          "schema_version": 1,
          "attributes": {
            "allow_auto_merge": false,
            "allow_merge_commit": true,
            "allow_rebase_merge": true,
            "allow_squash_merge": true,
            "allow_update_branch": false,
            "archive_on_destroy": null,
            "archived": false,
            "auto_init": null,
            "default_branch": "main",
            "delete_branch_on_merge": false,
            "description": "My awesome codebase",
            "etag": "W/\"486e981677f12d69bb7f63ef057bd8b154e744d1ea7761d8167f838dcf2f8f99\"",
            "full_name": "prajwalzalaki/myterraformsimpleproject",
            "git_clone_url": "git://github.com/prajwalzalaki/myterraformsimpleproject.git",
            "gitignore_template": null,
            "has_discussions": false,
            "has_downloads": false,
            "has_issues": false,
            "has_projects": false,
            "has_wiki": false,
            "homepage_url": "",
            "html_url": "https://github.com/prajwalzalaki/myterraformsimpleproject",
            "http_clone_url": "https://github.com/prajwalzalaki/myterraformsimpleproject.git",
            "id": "myterraformsimpleproject",
            "ignore_vulnerability_alerts_during_read": null,
            "is_template": false,
            "license_template": null,
            "merge_commit_message": "PR_TITLE",
            "merge_commit_title": "MERGE_MESSAGE",
            "name": "myterraformsimpleproject",
            "node_id": "R_kgDON79LBg",
            "pages": [],
            "primary_language": "",
            "private": false,
            "repo_id": 935283462,
            "security_and_analysis": [
              {
                "advanced_security": [],
                "secret_scanning": [
                  {
                    "status": "enabled"
                  }
                ],
                "secret_scanning_push_protection": [
                  {
                    "status": "enabled"
                  }
                ]
              }
            ],
            "squash_merge_commit_message": "COMMIT_MESSAGES",
            "squash_merge_commit_title": "COMMIT_OR_PR_TITLE",
            "ssh_clone_url": "git@github.com:prajwalzalaki/myterraformsimpleproject.git",
            "svn_url": "https://github.com/prajwalzalaki/myterraformsimpleproject",
            "template": [],
            "topics": [],
            "visibility": "public",
            "vulnerability_alerts": false,
            "web_commit_signoff_required": false
          },
          "sensitive_attributes": [],
          "private": "eyJzY2hlbWFfdmVyc2lvbiI6IjEifQ=="
        }
      ]
    }
  ],
  "check_results": null
}
